
Microsoft Visual Studio Solution File, Format Version 12.00
# Visual Studio Version 17
VisualStudioVersion = 17.13.35919.96 d17.13
MinimumVisualStudioVersion = 10.0.40219.1
Project("{FAE04EC0-301F-11D3-BF4B-00C04F79EFBC}") = "Domain", "Domain\Domain.csproj", "{38F4E61A-2272-4AB1-A6B3-0D5556FE4084}"
EndProject
Project("{FAE04EC0-301F-11D3-BF4B-00C04F79EFBC}") = "Application", "Application\Application.csproj", "{7A3F94C2-66B1-4F55-95CA-59383283DB53}"
EndProject
Project("{FAE04EC0-301F-11D3-BF4B-00C04F79EFBC}") = "Infrastructure", "Interface\Infrastructure.csproj", "{9C550F34-3F6A-4125-A515-E0A222FAC8B2}"
EndProject
Project("{FAE04EC0-301F-11D3-BF4B-00C04F79EFBC}") = "Presentation", "Presentation\Presentation.csproj", "{EECC3BC1-B8C1-4605-8DD6-9ED9C52DD89B}"
EndProject
Global
	GlobalSection(SolutionConfigurationPlatforms) = preSolution
		Debug|Any CPU = Debug|Any CPU
		Release|Any CPU = Release|Any CPU
	EndGlobalSection
	GlobalSection(ProjectConfigurationPlatforms) = postSolution
		{38F4E61A-2272-4AB1-A6B3-0D5556FE4084}.Debug|Any CPU.ActiveCfg = Debug|Any CPU
		{38F4E61A-2272-4AB1-A6B3-0D5556FE4084}.Debug|Any CPU.Build.0 = Debug|Any CPU
		{38F4E61A-2272-4AB1-A6B3-0D5556FE4084}.Release|Any CPU.ActiveCfg = Release|Any CPU
		{38F4E61A-2272-4AB1-A6B3-0D5556FE4084}.Release|Any CPU.Build.0 = Release|Any CPU
		{7A3F94C2-66B1-4F55-95CA-59383283DB53}.Debug|Any CPU.ActiveCfg = Debug|Any CPU
		{7A3F94C2-66B1-4F55-95CA-59383283DB53}.Debug|Any CPU.Build.0 = Debug|Any CPU
		{7A3F94C2-66B1-4F55-95CA-59383283DB53}.Release|Any CPU.ActiveCfg = Release|Any CPU
		{7A3F94C2-66B1-4F55-95CA-59383283DB53}.Release|Any CPU.Build.0 = Release|Any CPU
		{9C550F34-3F6A-4125-A515-E0A222FAC8B2}.Debug|Any CPU.ActiveCfg = Debug|Any CPU
		{9C550F34-3F6A-4125-A515-E0A222FAC8B2}.Debug|Any CPU.Build.0 = Debug|Any CPU
		{9C550F34-3F6A-4125-A515-E0A222FAC8B2}.Release|Any CPU.ActiveCfg = Release|Any CPU
		{9C550F34-3F6A-4125-A515-E0A222FAC8B2}.Release|Any CPU.Build.0 = Release|Any CPU
		{EECC3BC1-B8C1-4605-8DD6-9ED9C52DD89B}.Debug|Any CPU.ActiveCfg = Debug|Any CPU
		{EECC3BC1-B8C1-4605-8DD6-9ED9C52DD89B}.Debug|Any CPU.Build.0 = Debug|Any CPU
		{EECC3BC1-B8C1-4605-8DD6-9ED9C52DD89B}.Release|Any CPU.ActiveCfg = Release|Any CPU
		{EECC3BC1-B8C1-4605-8DD6-9ED9C52DD89B}.Release|Any CPU.Build.0 = Release|Any CPU
	EndGlobalSection
	GlobalSection(SolutionProperties) = preSolution
		HideSolutionNode = FALSE
	EndGlobalSection
	GlobalSection(ExtensibilityGlobals) = postSolution
		SolutionGuid = {5446820E-B0AB-4413-BF77-FEF510B84040}
	EndGlobalSection
EndGlobal
